
Microsoft Visual Studio Solution File, Format Version 12.00
# Visual Studio Version 16
VisualStudioVersion = 16.0.31424.327
MinimumVisualStudioVersion = 10.0.40219.1
Project("{FAE04EC0-301F-11D3-BF4B-00C04F79EFBC}") = "Online Tourism Portal", "Online Tourism Portal\Online Tourism Portal.csproj", "{72D792F9-A767-4BF3-94BB-7B52425A03F1}"
EndProject
Global
	GlobalSection(SolutionConfigurationPlatforms) = preSolution
		Debug|Any CPU = Debug|Any CPU
		Release|Any CPU = Release|Any CPU
	EndGlobalSection
	GlobalSection(ProjectConfigurationPlatforms) = postSolution
		{72D792F9-A767-4BF3-94BB-7B52425A03F1}.Debug|Any CPU.ActiveCfg = Debug|Any CPU
		{72D792F9-A767-4BF3-94BB-7B52425A03F1}.Debug|Any CPU.Build.0 = Debug|Any CPU
		{72D792F9-A767-4BF3-94BB-7B52425A03F1}.Release|Any CPU.ActiveCfg = Release|Any CPU
		{72D792F9-A767-4BF3-94BB-7B52425A03F1}.Release|Any CPU.Build.0 = Release|Any CPU
	EndGlobalSection
	GlobalSection(SolutionProperties) = preSolution
		HideSolutionNode = FALSE
	EndGlobalSection
	GlobalSection(ExtensibilityGlobals) = postSolution
		SolutionGuid = {80EB5916-8B76-4799-B819-BB75DA322DCD}
	EndGlobalSection
EndGlobal
